
Microsoft Visual Studio Solution File, Format Version 12.00
# Visual Studio Version 17
VisualStudioVersion = 17.12.35514.174
MinimumVisualStudioVersion = 10.0.40219.1
Project("{FAE04EC0-301F-11D3-BF4B-00C04F79EFBC}") = "Matau", "Matau.csproj", "{8E3424FB-669F-4FDB-A180-808A58DB40F6}"
EndProject
Project("{2150E333-8FDC-42A3-9474-1A3956D46DE8}") = "resource", "resource", "{2C46B6A0-117C-4E09-B7C7-D7D8D7F72492}"
EndProject
Project("{2150E333-8FDC-42A3-9474-1A3956D46DE8}") = "front", "front", "{FC464DB8-EE66-4299-A6BA-D9B5F109360C}"
	ProjectSection(SolutionItems) = preProject
		..\..\..\이미지\사진\01-1.jpeg = ..\..\..\이미지\사진\01-1.jpeg
		..\..\..\이미지\사진\02-1.jpeg = ..\..\..\이미지\사진\02-1.jpeg
		..\..\..\이미지\사진\03-1.jpeg = ..\..\..\이미지\사진\03-1.jpeg
		..\..\..\이미지\사진\04-1.png = ..\..\..\이미지\사진\04-1.png
		..\..\..\이미지\사진\05-1.jpeg = ..\..\..\이미지\사진\05-1.jpeg
		..\..\..\이미지\사진\06-1.jpeg = ..\..\..\이미지\사진\06-1.jpeg
		..\..\..\이미지\사진\07-1.jpeg = ..\..\..\이미지\사진\07-1.jpeg
		..\..\..\이미지\사진\08-1.jpeg = ..\..\..\이미지\사진\08-1.jpeg
		..\..\..\이미지\사진\09-1.jpeg = ..\..\..\이미지\사진\09-1.jpeg
		..\..\..\이미지\사진\10-1.jpeg = ..\..\..\이미지\사진\10-1.jpeg
		..\..\..\이미지\사진\11-1.jpeg = ..\..\..\이미지\사진\11-1.jpeg
		..\..\..\이미지\사진\12-1.jpeg = ..\..\..\이미지\사진\12-1.jpeg
		..\..\..\이미지\사진\14-1.jpeg = ..\..\..\이미지\사진\14-1.jpeg
		..\..\..\이미지\사진\15-1.jpeg = ..\..\..\이미지\사진\15-1.jpeg
	EndProjectSection
EndProject
Project("{2150E333-8FDC-42A3-9474-1A3956D46DE8}") = "back", "back", "{806AE798-92EB-41A8-A0A1-B26C6493BFA1}"
	ProjectSection(SolutionItems) = preProject
		..\..\..\이미지\사진\01-1.jpeg = ..\..\..\이미지\사진\01-1.jpeg
		..\..\..\이미지\사진\01-2.jpeg = ..\..\..\이미지\사진\01-2.jpeg
		..\..\..\이미지\사진\01-3.jpeg = ..\..\..\이미지\사진\01-3.jpeg
		..\..\..\이미지\사진\02-1.jpeg = ..\..\..\이미지\사진\02-1.jpeg
		..\..\..\이미지\사진\02-2.jpeg = ..\..\..\이미지\사진\02-2.jpeg
		..\..\..\이미지\사진\02-3.jpeg = ..\..\..\이미지\사진\02-3.jpeg
		..\..\..\이미지\사진\03-1.jpeg = ..\..\..\이미지\사진\03-1.jpeg
		..\..\..\이미지\사진\03-2.jpeg = ..\..\..\이미지\사진\03-2.jpeg
		..\..\..\이미지\사진\03-3.jpeg = ..\..\..\이미지\사진\03-3.jpeg
		..\..\..\이미지\사진\04-1.png = ..\..\..\이미지\사진\04-1.png
		..\..\..\이미지\사진\04-2.jpeg = ..\..\..\이미지\사진\04-2.jpeg
		..\..\..\이미지\사진\04-3.jpeg = ..\..\..\이미지\사진\04-3.jpeg
		..\..\..\이미지\사진\05-1.jpeg = ..\..\..\이미지\사진\05-1.jpeg
		..\..\..\이미지\사진\05-2.jpeg = ..\..\..\이미지\사진\05-2.jpeg
		..\..\..\이미지\사진\05-3.jpeg = ..\..\..\이미지\사진\05-3.jpeg
		..\..\..\이미지\사진\06-1.jpeg = ..\..\..\이미지\사진\06-1.jpeg
		..\..\..\이미지\사진\06-2.jpeg = ..\..\..\이미지\사진\06-2.jpeg
		..\..\..\이미지\사진\06-3.jpeg = ..\..\..\이미지\사진\06-3.jpeg
		..\..\..\이미지\사진\07-1.jpeg = ..\..\..\이미지\사진\07-1.jpeg
		..\..\..\이미지\사진\07-2.jpeg = ..\..\..\이미지\사진\07-2.jpeg
		..\..\..\이미지\사진\07-3.jpeg = ..\..\..\이미지\사진\07-3.jpeg
		..\..\..\이미지\사진\08-1.jpeg = ..\..\..\이미지\사진\08-1.jpeg
		..\..\..\이미지\사진\08-2.jpeg = ..\..\..\이미지\사진\08-2.jpeg
		..\..\..\이미지\사진\08-3.png = ..\..\..\이미지\사진\08-3.png
		..\..\..\이미지\사진\09-1.jpeg = ..\..\..\이미지\사진\09-1.jpeg
		..\..\..\이미지\사진\09-2.jpeg = ..\..\..\이미지\사진\09-2.jpeg
		..\..\..\이미지\사진\09-3.jpeg = ..\..\..\이미지\사진\09-3.jpeg
		..\..\..\이미지\사진\10-1.jpeg = ..\..\..\이미지\사진\10-1.jpeg
		..\..\..\이미지\사진\10-2.jpeg = ..\..\..\이미지\사진\10-2.jpeg
		..\..\..\이미지\사진\10-3.jpeg = ..\..\..\이미지\사진\10-3.jpeg
		..\..\..\이미지\사진\11-1.jpeg = ..\..\..\이미지\사진\11-1.jpeg
		..\..\..\이미지\사진\11-2.jpeg = ..\..\..\이미지\사진\11-2.jpeg
		..\..\..\이미지\사진\11-3.jpeg = ..\..\..\이미지\사진\11-3.jpeg
		..\..\..\이미지\사진\12-1.jpeg = ..\..\..\이미지\사진\12-1.jpeg
		..\..\..\이미지\사진\12-2.jpeg = ..\..\..\이미지\사진\12-2.jpeg
		..\..\..\이미지\사진\13-3.png = ..\..\..\이미지\사진\13-3.png
		..\..\..\이미지\사진\14-1.jpeg = ..\..\..\이미지\사진\14-1.jpeg
		..\..\..\이미지\사진\14-2.jpeg = ..\..\..\이미지\사진\14-2.jpeg
		..\..\..\이미지\사진\14-3.png = ..\..\..\이미지\사진\14-3.png
		..\..\..\이미지\사진\15-1.jpeg = ..\..\..\이미지\사진\15-1.jpeg
		..\..\..\이미지\사진\15-2.jpeg = ..\..\..\이미지\사진\15-2.jpeg
		..\..\..\이미지\사진\15-3.jpeg = ..\..\..\이미지\사진\15-3.jpeg
	EndProjectSection
EndProject
Global
	GlobalSection(SolutionConfigurationPlatforms) = preSolution
		Debug|Any CPU = Debug|Any CPU
		Release|Any CPU = Release|Any CPU
	EndGlobalSection
	GlobalSection(ProjectConfigurationPlatforms) = postSolution
		{8E3424FB-669F-4FDB-A180-808A58DB40F6}.Debug|Any CPU.ActiveCfg = Debug|Any CPU
		{8E3424FB-669F-4FDB-A180-808A58DB40F6}.Debug|Any CPU.Build.0 = Debug|Any CPU
		{8E3424FB-669F-4FDB-A180-808A58DB40F6}.Release|Any CPU.ActiveCfg = Release|Any CPU
		{8E3424FB-669F-4FDB-A180-808A58DB40F6}.Release|Any CPU.Build.0 = Release|Any CPU
	EndGlobalSection
	GlobalSection(SolutionProperties) = preSolution
		HideSolutionNode = FALSE
	EndGlobalSection
	GlobalSection(NestedProjects) = preSolution
		{FC464DB8-EE66-4299-A6BA-D9B5F109360C} = {2C46B6A0-117C-4E09-B7C7-D7D8D7F72492}
		{806AE798-92EB-41A8-A0A1-B26C6493BFA1} = {2C46B6A0-117C-4E09-B7C7-D7D8D7F72492}
	EndGlobalSection
EndGlobal
